# This file is automatically @generated by Cargo.
# It is not intended for manual editing.
version = 4

[[package]]
name = "glam"
version = "0.30.9"
source = "registry+https://github.com/rust-lang/crates.io-index"
checksum = "bd47b05dddf0005d850e5644cae7f2b14ac3df487979dbfff3b56f20b1a6ae46"

[[package]]
name = "spatialmap"
version = "0.2.6"
dependencies = [
 "glam",
]
